
Microsoft Visual Studio Solution File, Format Version 12.00
# Visual Studio 14
VisualStudioVersion = 14.0.25420.1
MinimumVisualStudioVersion = 10.0.40219.1
Project("{8BC9CEB8-8B4A-11D0-8D11-00A0C91BC942}") = "129_by_zzklove3344", "LeetCode_by_zzklove3344\LeetCode_by_zzklove3344.vcxproj", "{83BFCD32-BF67-4FD6-8E8F-0BD3778F2FAE}"
EndProject
Project("{8BC9CEB8-8B4A-11D0-8D11-00A0C91BC942}") = "167_by_zzklove3344", "167_by_zzklove3344\167_by_zzklove3344.vcxproj", "{9A84028A-E89C-4AC7-AD15-159FF0B255D6}"
EndProject
Project("{8BC9CEB8-8B4A-11D0-8D11-00A0C91BC942}") = "98_by_zzklove3344", "98_by_zzklove3344\98_by_zzklove3344.vcxproj", "{8BBD4FD4-A3C8-4862-82E9-3513A9422EBC}"
EndProject
Project("{8BC9CEB8-8B4A-11D0-8D11-00A0C91BC942}") = "307_by_zzklove3344", "207_by_zzklove3344\207_by_zzklove3344.vcxproj", "{D51E66EB-3A75-4278-95DF-ABE82C5EF536}"
EndProject
Project("{8BC9CEB8-8B4A-11D0-8D11-00A0C91BC942}") = "68_by_zzklove3344", "68_by_zzklove3344\68_by_zzklove3344.vcxproj", "{2C741E04-0583-409F-B828-68FB3CF55A77}"
EndProject
Project("{8BC9CEB8-8B4A-11D0-8D11-00A0C91BC942}") = "189_by_zzklove3344", "189_by_zzklove3344\189_by_zzklove3344.vcxproj", "{36C9EB7D-F357-4745-8306-D2FF788D2A44}"
EndProject
Project("{8BC9CEB8-8B4A-11D0-8D11-00A0C91BC942}") = "406_by_zzklove3344", "406_by_zzklove3344\406_by_zzklove3344.vcxproj", "{F9790ED1-6062-4D50-895D-2568A68B43E9}"
EndProject
Global
	GlobalSection(SolutionConfigurationPlatforms) = preSolution
		Debug|x64 = Debug|x64
		Debug|x86 = Debug|x86
		Release|x64 = Release|x64
		Release|x86 = Release|x86
	EndGlobalSection
	GlobalSection(ProjectConfigurationPlatforms) = postSolution
		{83BFCD32-BF67-4FD6-8E8F-0BD3778F2FAE}.Debug|x64.ActiveCfg = Debug|x64
		{83BFCD32-BF67-4FD6-8E8F-0BD3778F2FAE}.Debug|x64.Build.0 = Debug|x64
		{83BFCD32-BF67-4FD6-8E8F-0BD3778F2FAE}.Debug|x86.ActiveCfg = Debug|Win32
		{83BFCD32-BF67-4FD6-8E8F-0BD3778F2FAE}.Debug|x86.Build.0 = Debug|Win32
		{83BFCD32-BF67-4FD6-8E8F-0BD3778F2FAE}.Release|x64.ActiveCfg = Release|x64
		{83BFCD32-BF67-4FD6-8E8F-0BD3778F2FAE}.Release|x64.Build.0 = Release|x64
		{83BFCD32-BF67-4FD6-8E8F-0BD3778F2FAE}.Release|x86.ActiveCfg = Release|Win32
		{83BFCD32-BF67-4FD6-8E8F-0BD3778F2FAE}.Release|x86.Build.0 = Release|Win32
		{9A84028A-E89C-4AC7-AD15-159FF0B255D6}.Debug|x64.ActiveCfg = Debug|x64
		{9A84028A-E89C-4AC7-AD15-159FF0B255D6}.Debug|x64.Build.0 = Debug|x64
		{9A84028A-E89C-4AC7-AD15-159FF0B255D6}.Debug|x86.ActiveCfg = Debug|Win32
		{9A84028A-E89C-4AC7-AD15-159FF0B255D6}.Debug|x86.Build.0 = Debug|Win32
		{9A84028A-E89C-4AC7-AD15-159FF0B255D6}.Release|x64.ActiveCfg = Release|x64
		{9A84028A-E89C-4AC7-AD15-159FF0B255D6}.Release|x64.Build.0 = Release|x64
		{9A84028A-E89C-4AC7-AD15-159FF0B255D6}.Release|x86.ActiveCfg = Release|Win32
		{9A84028A-E89C-4AC7-AD15-159FF0B255D6}.Release|x86.Build.0 = Release|Win32
		{8BBD4FD4-A3C8-4862-82E9-3513A9422EBC}.Debug|x64.ActiveCfg = Debug|x64
		{8BBD4FD4-A3C8-4862-82E9-3513A9422EBC}.Debug|x64.Build.0 = Debug|x64
		{8BBD4FD4-A3C8-4862-82E9-3513A9422EBC}.Debug|x86.ActiveCfg = Debug|Win32
		{8BBD4FD4-A3C8-4862-82E9-3513A9422EBC}.Debug|x86.Build.0 = Debug|Win32
		{8BBD4FD4-A3C8-4862-82E9-3513A9422EBC}.Release|x64.ActiveCfg = Release|x64
		{8BBD4FD4-A3C8-4862-82E9-3513A9422EBC}.Release|x64.Build.0 = Release|x64
		{8BBD4FD4-A3C8-4862-82E9-3513A9422EBC}.Release|x86.ActiveCfg = Release|Win32
		{8BBD4FD4-A3C8-4862-82E9-3513A9422EBC}.Release|x86.Build.0 = Release|Win32
		{D51E66EB-3A75-4278-95DF-ABE82C5EF536}.Debug|x64.ActiveCfg = Debug|x64
		{D51E66EB-3A75-4278-95DF-ABE82C5EF536}.Debug|x64.Build.0 = Debug|x64
		{D51E66EB-3A75-4278-95DF-ABE82C5EF536}.Debug|x86.ActiveCfg = Debug|Win32
		{D51E66EB-3A75-4278-95DF-ABE82C5EF536}.Debug|x86.Build.0 = Debug|Win32
		{D51E66EB-3A75-4278-95DF-ABE82C5EF536}.Release|x64.ActiveCfg = Release|x64
		{D51E66EB-3A75-4278-95DF-ABE82C5EF536}.Release|x64.Build.0 = Release|x64
		{D51E66EB-3A75-4278-95DF-ABE82C5EF536}.Release|x86.ActiveCfg = Release|Win32
		{D51E66EB-3A75-4278-95DF-ABE82C5EF536}.Release|x86.Build.0 = Release|Win32
		{2C741E04-0583-409F-B828-68FB3CF55A77}.Debug|x64.ActiveCfg = Debug|x64
		{2C741E04-0583-409F-B828-68FB3CF55A77}.Debug|x64.Build.0 = Debug|x64
		{2C741E04-0583-409F-B828-68FB3CF55A77}.Debug|x86.ActiveCfg = Debug|Win32
		{2C741E04-0583-409F-B828-68FB3CF55A77}.Debug|x86.Build.0 = Debug|Win32
		{2C741E04-0583-409F-B828-68FB3CF55A77}.Release|x64.ActiveCfg = Release|x64
		{2C741E04-0583-409F-B828-68FB3CF55A77}.Release|x64.Build.0 = Release|x64
		{2C741E04-0583-409F-B828-68FB3CF55A77}.Release|x86.ActiveCfg = Release|Win32
		{2C741E04-0583-409F-B828-68FB3CF55A77}.Release|x86.Build.0 = Release|Win32
		{36C9EB7D-F357-4745-8306-D2FF788D2A44}.Debug|x64.ActiveCfg = Debug|x64
		{36C9EB7D-F357-4745-8306-D2FF788D2A44}.Debug|x64.Build.0 = Debug|x64
		{36C9EB7D-F357-4745-8306-D2FF788D2A44}.Debug|x86.ActiveCfg = Debug|Win32
		{36C9EB7D-F357-4745-8306-D2FF788D2A44}.Debug|x86.Build.0 = Debug|Win32
		{36C9EB7D-F357-4745-8306-D2FF788D2A44}.Release|x64.ActiveCfg = Release|x64
		{36C9EB7D-F357-4745-8306-D2FF788D2A44}.Release|x64.Build.0 = Release|x64
		{36C9EB7D-F357-4745-8306-D2FF788D2A44}.Release|x86.ActiveCfg = Release|Win32
		{36C9EB7D-F357-4745-8306-D2FF788D2A44}.Release|x86.Build.0 = Release|Win32
		{F9790ED1-6062-4D50-895D-2568A68B43E9}.Debug|x64.ActiveCfg = Debug|x64
		{F9790ED1-6062-4D50-895D-2568A68B43E9}.Debug|x64.Build.0 = Debug|x64
		{F9790ED1-6062-4D50-895D-2568A68B43E9}.Debug|x86.ActiveCfg = Debug|Win32
		{F9790ED1-6062-4D50-895D-2568A68B43E9}.Debug|x86.Build.0 = Debug|Win32
		{F9790ED1-6062-4D50-895D-2568A68B43E9}.Release|x64.ActiveCfg = Release|x64
		{F9790ED1-6062-4D50-895D-2568A68B43E9}.Release|x64.Build.0 = Release|x64
		{F9790ED1-6062-4D50-895D-2568A68B43E9}.Release|x86.ActiveCfg = Release|Win32
		{F9790ED1-6062-4D50-895D-2568A68B43E9}.Release|x86.Build.0 = Release|Win32
	EndGlobalSection
	GlobalSection(SolutionProperties) = preSolution
		HideSolutionNode = FALSE
	EndGlobalSection
EndGlobal
